
Microsoft Visual Studio Solution File, Format Version 12.00
# Visual Studio Version 16
VisualStudioVersion = 16.0.29926.136
MinimumVisualStudioVersion = 10.0.40219.1
Project("{FAE04EC0-301F-11D3-BF4B-00C04F79EFBC}") = "ScheduleOfCons", "ScheduleOfCons\ScheduleOfCons.csproj", "{AF114311-B154-4C40-8820-D27DDBC04667}"
EndProject
Global
	GlobalSection(SolutionConfigurationPlatforms) = preSolution
		Debug|Any CPU = Debug|Any CPU
		Release|Any CPU = Release|Any CPU
	EndGlobalSection
	GlobalSection(ProjectConfigurationPlatforms) = postSolution
		{AF114311-B154-4C40-8820-D27DDBC04667}.Debug|Any CPU.ActiveCfg = Debug|Any CPU
		{AF114311-B154-4C40-8820-D27DDBC04667}.Debug|Any CPU.Build.0 = Debug|Any CPU
		{AF114311-B154-4C40-8820-D27DDBC04667}.Release|Any CPU.ActiveCfg = Release|Any CPU
		{AF114311-B154-4C40-8820-D27DDBC04667}.Release|Any CPU.Build.0 = Release|Any CPU
	EndGlobalSection
	GlobalSection(SolutionProperties) = preSolution
		HideSolutionNode = FALSE
	EndGlobalSection
	GlobalSection(ExtensibilityGlobals) = postSolution
		SolutionGuid = {EFAF25EB-A997-4B9D-B1BD-C3C689FD1A9D}
	EndGlobalSection
EndGlobal
